{
  "name": "optimize_polygon",
  "version": "1.0.0",
  "lockfileVersion": 2,
  "requires": true,
  "packages": {
    "": {
      "version": "1.0.0",
      "license": "ISC",
      "dependencies": {
        "simplify-geometry": "github:seabre/simplify-geometry"
      }
    },
    "node_modules/simplify-geometry": {
      "version": "0.0.2",
      "resolved": "git+ssh://git@github.com/seabre/simplify-geometry.git#8012a7fa35d16a9a47f08d440d564498fa3b11ab",
      "license": "MIT"
    }
  },
  "dependencies": {
    "simplify-geometry": {
      "version": "git+ssh://git@github.com/seabre/simplify-geometry.git#8012a7fa35d16a9a47f08d440d564498fa3b11ab",
      "from": "simplify-geometry@https://github.com/seabre/simplify-geometry"
    }
  }
}
